github.com/up-zero/gotool v0.0.0-20251113010806-7d845a3a0c93 h1:zXkyyKS76bUBzOn8s/Xo/MiZ4rhKlCojJqtFxImk4+A=
github.com/up-zero/gotool v0.0.0-20251113010806-7d845a3a0c93/go.mod h1:+jwIpLHojqHUvbEmNXv/F5acdHSEkJIbNXRqT1IE78I=
github.com/yalue/onnxruntime_go v1.22.0 h1:SzqOfFRRrLRRAFR5VoSxABjTiQSAi8Y4ETYKrMFK1jk=
github.com/yalue/onnxruntime_go v1.22.0/go.mod h1:b4X26A8pekNb1ACJ58wAXgNKeUCGEAQ9dmACut9Sm/4=
golang.org/x/image v0.32.0 h1:6lZQWq75h7L5IWNk0r+SCpUJ6tUVd3v4ZHnbRKLkUDQ=
golang.org/x/image v0.32.0/go.mod h1:/R37rrQmKXtO6tYXAjtDLwQgFLHmhW+V6ayXlxzP2Pc=
